
Microsoft Visual Studio Solution File, Format Version 12.00
# Visual Studio Version 17
VisualStudioVersion = 17.0.32112.339
MinimumVisualStudioVersion = 10.0.40219.1
Project("{FAE04EC0-301F-11D3-BF4B-00C04F79EFBC}") = "PlayList", "PlayList.csproj", "{F9CBABB9-4116-40E5-9034-F41E11AF9FFE}"
EndProject
Global
	GlobalSection(SolutionConfigurationPlatforms) = preSolution
		Debug|Any CPU = Debug|Any CPU
		Release|Any CPU = Release|Any CPU
	EndGlobalSection
	GlobalSection(ProjectConfigurationPlatforms) = postSolution
		{F9CBABB9-4116-40E5-9034-F41E11AF9FFE}.Debug|Any CPU.ActiveCfg = Release|Any CPU
		{F9CBABB9-4116-40E5-9034-F41E11AF9FFE}.Debug|Any CPU.Build.0 = Release|Any CPU
		{F9CBABB9-4116-40E5-9034-F41E11AF9FFE}.Release|Any CPU.ActiveCfg = Release|Any CPU
		{F9CBABB9-4116-40E5-9034-F41E11AF9FFE}.Release|Any CPU.Build.0 = Release|Any CPU
	EndGlobalSection
	GlobalSection(SolutionProperties) = preSolution
		HideSolutionNode = FALSE
	EndGlobalSection
	GlobalSection(ExtensibilityGlobals) = postSolution
		SolutionGuid = {8C49C309-D87E-43DF-9B5F-94145D7B3BDA}
	EndGlobalSection
EndGlobal
